// !$*UTF8*$!
{
	archiveVersion = 1;
	classes = {
	};
	objectVersion = 56;
	objects = {

/* Begin PBXBuildFile section */
		77A6265D2A011A6300ECB886 /* CoinFlip.app in Embed Watch Content */ = {isa = PBXBuildFile; fileRef = 77A6265C2A011A6300ECB886 /* CoinFlip.app */; settings = {ATTRIBUTES = (RemoveHeadersOnCopy, ); }; };
		77A626622A011A6300ECB886 /* _or2App.swift in Sources */ = {isa = PBXBuildFile; fileRef = 77A626612A011A6300ECB886 /* _or2App.swift */; };
		77A626642A011A6300ECB886 /* ContentView.swift in Sources */ = {isa = PBXBuildFile; fileRef = 77A626632A011A6300ECB886 /* ContentView.swift */; };
		77A626662A011A6400ECB886 /* Assets.xcassets in Resources */ = {isa = PBXBuildFile; fileRef = 77A626652A011A6400ECB886 /* Assets.xcassets */; };
		77A626732A011A6400ECB886 /* _or2_Watch_AppTests.swift in Sources */ = {isa = PBXBuildFile; fileRef = 77A626722A011A6400ECB886 /* _or2_Watch_AppTests.swift */; };
		77A6267D2A011A6400ECB886 /* _or2_Watch_AppUITests.swift in Sources */ = {isa = PBXBuildFile; fileRef = 77A6267C2A011A6400ECB886 /* _or2_Watch_AppUITests.swift */; };
		77A6267F2A011A6400ECB886 /* _or2_Watch_AppUITestsLaunchTests.swift in Sources */ = {isa = PBXBuildFile; fileRef = 77A6267E2A011A6400ECB886 /* _or2_Watch_AppUITestsLaunchTests.swift */; };
/* End PBXBuildFile section */

/* Begin PBXContainerItemProxy section */
		77A6265E2A011A6300ECB886 /* PBXContainerItemProxy */ = {
			isa = PBXContainerItemProxy;
			containerPortal = 77A626502A011A6300ECB886 /* Project object */;
			proxyType = 1;
			remoteGlobalIDString = 77A6265B2A011A6300ECB886;
			remoteInfo = "1or2 Watch App";
		};
		77A6266F2A011A6400ECB886 /* PBXContainerItemProxy */ = {
			isa = PBXContainerItemProxy;
			containerPortal = 77A626502A011A6300ECB886 /* Project object */;
			proxyType = 1;
			remoteGlobalIDString = 77A6265B2A011A6300ECB886;
			remoteInfo = "1or2 Watch App";
		};
		77A626792A011A6400ECB886 /* PBXContainerItemProxy */ = {
			isa = PBXContainerItemProxy;
			containerPortal = 77A626502A011A6300ECB886 /* Project object */;
			proxyType = 1;
			remoteGlobalIDString = 77A6265B2A011A6300ECB886;
			remoteInfo = "1or2 Watch App";
		};
/* End PBXContainerItemProxy section */

/* Begin PBXCopyFilesBuildPhase section */
		77A626852A011A6400ECB886 /* Embed Watch Content */ = {
			isa = PBXCopyFilesBuildPhase;
			buildActionMask = 2147483647;
			dstPath = "$(CONTENTS_FOLDER_PATH)/Watch";
			dstSubfolderSpec = 16;
			files = (
				77A6265D2A011A6300ECB886 /* CoinFlip.app in Embed Watch Content */,
			);
			name = "Embed Watch Content";
			runOnlyForDeploymentPostprocessing = 0;
		};
/* End PBXCopyFilesBuildPhase section */

/* Begin PBXFileReference section */
		77A626562A011A6300ECB886 /* 1or2.app */ = {isa = PBXFileReference; explicitFileType = wrapper.application; includeInIndex = 0; path = 1or2.app; sourceTree = BUILT_PRODUCTS_DIR; };
		77A6265C2A011A6300ECB886 /* CoinFlip.app */ = {isa = PBXFileReference; explicitFileType = wrapper.application; includeInIndex = 0; path = CoinFlip.app; sourceTree = BUILT_PRODUCTS_DIR; };
		77A626612A011A6300ECB886 /* _or2App.swift */ = {isa = PBXFileReference; lastKnownFileType = sourcecode.swift; path = _or2App.swift; sourceTree = "<group>"; };
		77A626632A011A6300ECB886 /* ContentView.swift */ = {isa = PBXFileReference; lastKnownFileType = sourcecode.swift; path = ContentView.swift; sourceTree = "<group>"; };
		77A626652A011A6400ECB886 /* Assets.xcassets */ = {isa = PBXFileReference; lastKnownFileType = folder.assetcatalog; path = Assets.xcassets; sourceTree = "<group>"; };
		77A6266E2A011A6400ECB886 /* 1or2 Watch AppTests.xctest */ = {isa = PBXFileReference; explicitFileType = wrapper.cfbundle; includeInIndex = 0; path = "1or2 Watch AppTests.xctest"; sourceTree = BUILT_PRODUCTS_DIR; };
		77A626722A011A6400ECB886 /* _or2_Watch_AppTests.swift */ = {isa = PBXFileReference; lastKnownFileType = sourcecode.swift; path = _or2_Watch_AppTests.swift; sourceTree = "<group>"; };
		77A626782A011A6400ECB886 /* 1or2 Watch AppUITests.xctest */ = {isa = PBXFileReference; explicitFileType = wrapper.cfbundle; includeInIndex = 0; path = "1or2 Watch AppUITests.xctest"; sourceTree = BUILT_PRODUCTS_DIR; };
		77A6267C2A011A6400ECB886 /* _or2_Watch_AppUITests.swift */ = {isa = PBXFileReference; lastKnownFileType = sourcecode.swift; path = _or2_Watch_AppUITests.swift; sourceTree = "<group>"; };
		77A6267E2A011A6400ECB886 /* _or2_Watch_AppUITestsLaunchTests.swift */ = {isa = PBXFileReference; lastKnownFileType = sourcecode.swift; path = _or2_Watch_AppUITestsLaunchTests.swift; sourceTree = "<group>"; };
/* End PBXFileReference section */

/* Begin PBXFrameworksBuildPhase section */
		77A626592A011A6300ECB886 /* Frameworks */ = {
			isa = PBXFrameworksBuildPhase;
			buildActionMask = 2147483647;
			files = (
			);
			runOnlyForDeploymentPostprocessing = 0;
		};
		77A6266B2A011A6400ECB886 /* Frameworks */ = {
			isa = PBXFrameworksBuildPhase;
			buildActionMask = 2147483647;
			files = (
			);
			runOnlyForDeploymentPostprocessing = 0;
		};
		77A626752A011A6400ECB886 /* Frameworks */ = {
			isa = PBXFrameworksBuildPhase;
			buildActionMask = 2147483647;
			files = (
			);
			runOnlyForDeploymentPostprocessing = 0;
		};
/* End PBXFrameworksBuildPhase section */

/* Begin PBXGroup section */
		77A6264F2A011A6300ECB886 = {
			isa = PBXGroup;
			children = (
				77A626602A011A6300ECB886 /* 1or2 Watch App */,
				77A626712A011A6400ECB886 /* 1or2 Watch AppTests */,
				77A6267B2A011A6400ECB886 /* 1or2 Watch AppUITests */,
				77A626572A011A6300ECB886 /* Products */,
			);
			sourceTree = "<group>";
		};
		77A626572A011A6300ECB886 /* Products */ = {
			isa = PBXGroup;
			children = (
				77A626562A011A6300ECB886 /* 1or2.app */,
				77A6265C2A011A6300ECB886 /* CoinFlip.app */,
				77A6266E2A011A6400ECB886 /* 1or2 Watch AppTests.xctest */,
				77A626782A011A6400ECB886 /* 1or2 Watch AppUITests.xctest */,
			);
			name = Products;
			sourceTree = "<group>";
		};
		77A626602A011A6300ECB886 /* 1or2 Watch App */ = {
			isa = PBXGroup;
			children = (
				77A626612A011A6300ECB886 /* _or2App.swift */,
				77A626632A011A6300ECB886 /* ContentView.swift */,
				77A626652A011A6400ECB886 /* Assets.xcassets */,
			);
			path = "1or2 Watch App";
			sourceTree = "<group>";
		};
		77A626712A011A6400ECB886 /* 1or2 Watch AppTests */ = {
			isa = PBXGroup;
			children = (
				77A626722A011A6400ECB886 /* _or2_Watch_AppTests.swift */,
			);
			path = "1or2 Watch AppTests";
			sourceTree = "<group>";
		};
		77A6267B2A011A6400ECB886 /* 1or2 Watch AppUITests */ = {
			isa = PBXGroup;
			children = (
				77A6267C2A011A6400ECB886 /* _or2_Watch_AppUITests.swift */,
				77A6267E2A011A6400ECB886 /* _or2_Watch_AppUITestsLaunchTests.swift */,
			);
			path = "1or2 Watch AppUITests";
			sourceTree = "<group>";
		};
/* End PBXGroup section */

/* Begin PBXNativeTarget section */
		77A626552A011A6300ECB886 /* 1or2 */ = {
			isa = PBXNativeTarget;
			buildConfigurationList = 77A626862A011A6400ECB886 /* Build configuration list for PBXNativeTarget "1or2" */;
			buildPhases = (
				77A626542A011A6300ECB886 /* Resources */,
				77A626852A011A6400ECB886 /* Embed Watch Content */,
			);
			buildRules = (
			);
			dependencies = (
				77A6265F2A011A6300ECB886 /* PBXTargetDependency */,
			);
			name = 1or2;
			productName = 1or2;
			productReference = 77A626562A011A6300ECB886 /* 1or2.app */;
			productType = "com.apple.product-type.application.watchapp2-container";
		};
		77A6265B2A011A6300ECB886 /* 1or2 Watch App */ = {
			isa = PBXNativeTarget;
			buildConfigurationList = 77A626822A011A6400ECB886 /* Build configuration list for PBXNativeTarget "1or2 Watch App" */;
			buildPhases = (
				77A626582A011A6300ECB886 /* Sources */,
				77A626592A011A6300ECB886 /* Frameworks */,
				77A6265A2A011A6300ECB886 /* Resources */,
			);
			buildRules = (
			);
			dependencies = (
			);
			name = "1or2 Watch App";
			productName = "1or2 Watch App";
			productReference = 77A6265C2A011A6300ECB886 /* CoinFlip.app */;
			productType = "com.apple.product-type.application";
		};
		77A6266D2A011A6400ECB886 /* 1or2 Watch AppTests */ = {
			isa = PBXNativeTarget;
			buildConfigurationList = 77A626892A011A6400ECB886 /* Build configuration list for PBXNativeTarget "1or2 Watch AppTests" */;
			buildPhases = (
				77A6266A2A011A6400ECB886 /* Sources */,
				77A6266B2A011A6400ECB886 /* Frameworks */,
				77A6266C2A011A6400ECB886 /* Resources */,
			);
			buildRules = (
			);
			dependencies = (
				77A626702A011A6400ECB886 /* PBXTargetDependency */,
			);
			name = "1or2 Watch AppTests";
			productName = "1or2 Watch AppTests";
			productReference = 77A6266E2A011A6400ECB886 /* 1or2 Watch AppTests.xctest */;
			productType = "com.apple.product-type.bundle.unit-test";
		};
		77A626772A011A6400ECB886 /* 1or2 Watch AppUITests */ = {
			isa = PBXNativeTarget;
			buildConfigurationList = 77A6268C2A011A6400ECB886 /* Build configuration list for PBXNativeTarget "1or2 Watch AppUITests" */;
			buildPhases = (
				77A626742A011A6400ECB886 /* Sources */,
				77A626752A011A6400ECB886 /* Frameworks */,
				77A626762A011A6400ECB886 /* Resources */,
			);
			buildRules = (
			);
			dependencies = (
				77A6267A2A011A6400ECB886 /* PBXTargetDependency */,
			);
			name = "1or2 Watch AppUITests";
			productName = "1or2 Watch AppUITests";
			productReference = 77A626782A011A6400ECB886 /* 1or2 Watch AppUITests.xctest */;
			productType = "com.apple.product-type.bundle.ui-testing";
		};
/* End PBXNativeTarget section */

/* Begin PBXProject section */
		77A626502A011A6300ECB886 /* Project object */ = {
			isa = PBXProject;
			attributes = {
				BuildIndependentTargetsInParallel = 1;
				LastSwiftUpdateCheck = 1430;
				LastUpgradeCheck = 1430;
				TargetAttributes = {
					77A626552A011A6300ECB886 = {
						CreatedOnToolsVersion = 14.3;
					};
					77A6265B2A011A6300ECB886 = {
						CreatedOnToolsVersion = 14.3;
					};
					77A6266D2A011A6400ECB886 = {
						CreatedOnToolsVersion = 14.3;
						TestTargetID = 77A6265B2A011A6300ECB886;
					};
					77A626772A011A6400ECB886 = {
						CreatedOnToolsVersion = 14.3;
						TestTargetID = 77A6265B2A011A6300ECB886;
					};
				};
			};
			buildConfigurationList = 77A626532A011A6300ECB886 /* Build configuration list for PBXProject "1or2" */;
			compatibilityVersion = "Xcode 14.0";
			developmentRegion = en;
			hasScannedForEncodings = 0;
			knownRegions = (
				en,
				Base,
			);
			mainGroup = 77A6264F2A011A6300ECB886;
			productRefGroup = 77A626572A011A6300ECB886 /* Products */;
			projectDirPath = "";
			projectRoot = "";
			targets = (
				77A626552A011A6300ECB886 /* 1or2 */,
				77A6265B2A011A6300ECB886 /* 1or2 Watch App */,
				77A6266D2A011A6400ECB886 /* 1or2 Watch AppTests */,
				77A626772A011A6400ECB886 /* 1or2 Watch AppUITests */,
			);
		};
/* End PBXProject section */

/* Begin PBXResourcesBuildPhase section */
		77A626542A011A6300ECB886 /* Resources */ = {
			isa = PBXResourcesBuildPhase;
			buildActionMask = 2147483647;
			files = (
			);
			runOnlyForDeploymentPostprocessing = 0;
		};
		77A6265A2A011A6300ECB886 /* Resources */ = {
			isa = PBXResourcesBuildPhase;
			buildActionMask = 2147483647;
			files = (
				77A626662A011A6400ECB886 /* Assets.xcassets in Resources */,
			);
			runOnlyForDeploymentPostprocessing = 0;
		};
		77A6266C2A011A6400ECB886 /* Resources */ = {
			isa = PBXResourcesBuildPhase;
			buildActionMask = 2147483647;
			files = (
			);
			runOnlyForDeploymentPostprocessing = 0;
		};
		77A626762A011A6400ECB886 /* Resources */ = {
			isa = PBXResourcesBuildPhase;
			buildActionMask = 2147483647;
			files = (
			);
			runOnlyForDeploymentPostprocessing = 0;
		};
/* End PBXResourcesBuildPhase section */

/* Begin PBXSourcesBuildPhase section */
		77A626582A011A6300ECB886 /* Sources */ = {
			isa = PBXSourcesBuildPhase;
			buildActionMask = 2147483647;
			files = (
				77A626642A011A6300ECB886 /* ContentView.swift in Sources */,
				77A626622A011A6300ECB886 /* _or2App.swift in Sources */,
			);
			runOnlyForDeploymentPostprocessing = 0;
		};
		77A6266A2A011A6400ECB886 /* Sources */ = {
			isa = PBXSourcesBuildPhase;
			buildActionMask = 2147483647;
			files = (
				77A626732A011A6400ECB886 /* _or2_Watch_AppTests.swift in Sources */,
			);
			runOnlyForDeploymentPostprocessing = 0;
		};
		77A626742A011A6400ECB886 /* Sources */ = {
			isa = PBXSourcesBuildPhase;
			buildActionMask = 2147483647;
			files = (
				77A6267F2A011A6400ECB886 /* _or2_Watch_AppUITestsLaunchTests.swift in Sources */,
				77A6267D2A011A6400ECB886 /* _or2_Watch_AppUITests.swift in Sources */,
			);
			runOnlyForDeploymentPostprocessing = 0;
		};
/* End PBXSourcesBuildPhase section */

/* Begin PBXTargetDependency section */
		77A6265F2A011A6300ECB886 /* PBXTargetDependency */ = {
			isa = PBXTargetDependency;
			target = 77A6265B2A011A6300ECB886 /* 1or2 Watch App */;
			targetProxy = 77A6265E2A011A6300ECB886 /* PBXContainerItemProxy */;
		};
		77A626702A011A6400ECB886 /* PBXTargetDependency */ = {
			isa = PBXTargetDependency;
			target = 77A6265B2A011A6300ECB886 /* 1or2 Watch App */;
			targetProxy = 77A6266F2A011A6400ECB886 /* PBXContainerItemProxy */;
		};
		77A6267A2A011A6400ECB886 /* PBXTargetDependency */ = {
			isa = PBXTargetDependency;
			target = 77A6265B2A011A6300ECB886 /* 1or2 Watch App */;
			targetProxy = 77A626792A011A6400ECB886 /* PBXContainerItemProxy */;
		};
/* End PBXTargetDependency section */

/* Begin XCBuildConfiguration section */
		77A626802A011A6400ECB886 /* Debug */ = {
			isa = XCBuildConfiguration;
			buildSettings = {
				ALWAYS_SEARCH_USER_PATHS = NO;
				CLANG_ANALYZER_NONNULL = YES;
				CLANG_ANALYZER_NUMBER_OBJECT_CONVERSION = YES_AGGRESSIVE;
				CLANG_CXX_LANGUAGE_STANDARD = "gnu++20";
				CLANG_ENABLE_MODULES = YES;
				CLANG_ENABLE_OBJC_ARC = YES;
				CLANG_ENABLE_OBJC_WEAK = YES;
				CLANG_WARN_BLOCK_CAPTURE_AUTORELEASING = YES;
				CLANG_WARN_BOOL_CONVERSION = YES;
				CLANG_WARN_COMMA = YES;
				CLANG_WARN_CONSTANT_CONVERSION = YES;
				CLANG_WARN_DEPRECATED_OBJC_IMPLEMENTATIONS = YES;
				CLANG_WARN_DIRECT_OBJC_ISA_USAGE = YES_ERROR;
				CLANG_WARN_DOCUMENTATION_COMMENTS = YES;
				CLANG_WARN_EMPTY_BODY = YES;
				CLANG_WARN_ENUM_CONVERSION = YES;
				CLANG_WARN_INFINITE_RECURSION = YES;
				CLANG_WARN_INT_CONVERSION = YES;
				CLANG_WARN_NON_LITERAL_NULL_CONVERSION = YES;
				CLANG_WARN_OBJC_IMPLICIT_RETAIN_SELF = YES;
				CLANG_WARN_OBJC_LITERAL_CONVERSION = YES;
				CLANG_WARN_OBJC_ROOT_CLASS = YES_ERROR;
				CLANG_WARN_QUOTED_INCLUDE_IN_FRAMEWORK_HEADER = YES;
				CLANG_WARN_RANGE_LOOP_ANALYSIS = YES;
				CLANG_WARN_STRICT_PROTOTYPES = YES;
				CLANG_WARN_SUSPICIOUS_MOVE = YES;
				CLANG_WARN_UNGUARDED_AVAILABILITY = YES_AGGRESSIVE;
				CLANG_WARN_UNREACHABLE_CODE = YES;
				CLANG_WARN__DUPLICATE_METHOD_MATCH = YES;
				COPY_PHASE_STRIP = NO;
				DEBUG_INFORMATION_FORMAT = dwarf;
				ENABLE_STRICT_OBJC_MSGSEND = YES;
				ENABLE_TESTABILITY = YES;
				GCC_C_LANGUAGE_STANDARD = gnu11;
				GCC_DYNAMIC_NO_PIC = NO;
				GCC_NO_COMMON_BLOCKS = YES;
				GCC_OPTIMIZATION_LEVEL = 0;
				GCC_PREPROCESSOR_DEFINITIONS = (
					"DEBUG=1",
					"$(inherited)",
				);
				GCC_WARN_64_TO_32_BIT_CONVERSION = YES;
				GCC_WARN_ABOUT_RETURN_TYPE = YES_ERROR;
				GCC_WARN_UNDECLARED_SELECTOR = YES;
				GCC_WARN_UNINITIALIZED_AUTOS = YES_AGGRESSIVE;
				GCC_WARN_UNUSED_FUNCTION = YES;
				GCC_WARN_UNUSED_VARIABLE = YES;
				MTL_ENABLE_DEBUG_INFO = INCLUDE_SOURCE;
				MTL_FAST_MATH = YES;
				ONLY_ACTIVE_ARCH = YES;
				SWIFT_ACTIVE_COMPILATION_CONDITIONS = DEBUG;
				SWIFT_OPTIMIZATION_LEVEL = "-Onone";
			};
			name = Debug;
		};
		77A626812A011A6400ECB886 /* Release */ = {
			isa = XCBuildConfiguration;
			buildSettings = {
				ALWAYS_SEARCH_USER_PATHS = NO;
				CLANG_ANALYZER_NONNULL = YES;
				CLANG_ANALYZER_NUMBER_OBJECT_CONVERSION = YES_AGGRESSIVE;
				CLANG_CXX_LANGUAGE_STANDARD = "gnu++20";
				CLANG_ENABLE_MODULES = YES;
				CLANG_ENABLE_OBJC_ARC = YES;
				CLANG_ENABLE_OBJC_WEAK = YES;
				CLANG_WARN_BLOCK_CAPTURE_AUTORELEASING = YES;
				CLANG_WARN_BOOL_CONVERSION = YES;
				CLANG_WARN_COMMA = YES;
				CLANG_WARN_CONSTANT_CONVERSION = YES;
				CLANG_WARN_DEPRECATED_OBJC_IMPLEMENTATIONS = YES;
				CLANG_WARN_DIRECT_OBJC_ISA_USAGE = YES_ERROR;
				CLANG_WARN_DOCUMENTATION_COMMENTS = YES;
				CLANG_WARN_EMPTY_BODY = YES;
				CLANG_WARN_ENUM_CONVERSION = YES;
				CLANG_WARN_INFINITE_RECURSION = YES;
				CLANG_WARN_INT_CONVERSION = YES;
				CLANG_WARN_NON_LITERAL_NULL_CONVERSION = YES;
				CLANG_WARN_OBJC_IMPLICIT_RETAIN_SELF = YES;
				CLANG_WARN_OBJC_LITERAL_CONVERSION = YES;
				CLANG_WARN_OBJC_ROOT_CLASS = YES_ERROR;
				CLANG_WARN_QUOTED_INCLUDE_IN_FRAMEWORK_HEADER = YES;
				CLANG_WARN_RANGE_LOOP_ANALYSIS = YES;
				CLANG_WARN_STRICT_PROTOTYPES = YES;
				CLANG_WARN_SUSPICIOUS_MOVE = YES;
				CLANG_WARN_UNGUARDED_AVAILABILITY = YES_AGGRESSIVE;
				CLANG_WARN_UNREACHABLE_CODE = YES;
				CLANG_WARN__DUPLICATE_METHOD_MATCH = YES;
				COPY_PHASE_STRIP = NO;
				DEBUG_INFORMATION_FORMAT = "dwarf-with-dsym";
				ENABLE_NS_ASSERTIONS = NO;
				ENABLE_STRICT_OBJC_MSGSEND = YES;
				GCC_C_LANGUAGE_STANDARD = gnu11;
				GCC_NO_COMMON_BLOCKS = YES;
				GCC_WARN_64_TO_32_BIT_CONVERSION = YES;
				GCC_WARN_ABOUT_RETURN_TYPE = YES_ERROR;
				GCC_WARN_UNDECLARED_SELECTOR = YES;
				GCC_WARN_UNINITIALIZED_AUTOS = YES_AGGRESSIVE;
				GCC_WARN_UNUSED_FUNCTION = YES;
				GCC_WARN_UNUSED_VARIABLE = YES;
				MTL_ENABLE_DEBUG_INFO = NO;
				MTL_FAST_MATH = YES;
				SWIFT_COMPILATION_MODE = wholemodule;
				SWIFT_OPTIMIZATION_LEVEL = "-O";
			};
			name = Release;
		};
		77A626832A011A6400ECB886 /* Debug */ = {
			isa = XCBuildConfiguration;
			buildSettings = {
				ASSETCATALOG_COMPILER_APPICON_NAME = AppIcon;
				ASSETCATALOG_COMPILER_GLOBAL_ACCENT_COLOR_NAME = AccentColor;
				CODE_SIGN_STYLE = Automatic;
				CURRENT_PROJECT_VERSION = 1;
				DEVELOPMENT_ASSET_PATHS = "\"1or2 Watch App/Preview Content\"";
				DEVELOPMENT_TEAM = SFNF84CHV2;
				ENABLE_PREVIEWS = YES;
				GENERATE_INFOPLIST_FILE = YES;
				INFOPLIST_KEY_UISupportedInterfaceOrientations = "UIInterfaceOrientationPortrait UIInterfaceOrientationPortraitUpsideDown";
				INFOPLIST_KEY_WKWatchOnly = YES;
				LD_RUNPATH_SEARCH_PATHS = (
					"$(inherited)",
					"@executable_path/Frameworks",
				);
				MARKETING_VERSION = 1.0;
				PRODUCT_BUNDLE_IDENTIFIER = "Raste.-or2.watchkitapp";
				PRODUCT_NAME = CoinFlip;
				SDKROOT = watchos;
				SKIP_INSTALL = YES;
				SWIFT_EMIT_LOC_STRINGS = YES;
				SWIFT_VERSION = 5.0;
				TARGETED_DEVICE_FAMILY = 4;
				WATCHOS_DEPLOYMENT_TARGET = 8.7;
			};
			name = Debug;
		};
		77A626842A011A6400ECB886 /* Release */ = {
			isa = XCBuildConfiguration;
			buildSettings = {
				ASSETCATALOG_COMPILER_APPICON_NAME = AppIcon;
				ASSETCATALOG_COMPILER_GLOBAL_ACCENT_COLOR_NAME = AccentColor;
				CODE_SIGN_STYLE = Automatic;
				CURRENT_PROJECT_VERSION = 1;
				DEVELOPMENT_ASSET_PATHS = "\"1or2 Watch App/Preview Content\"";
				DEVELOPMENT_TEAM = SFNF84CHV2;
				ENABLE_PREVIEWS = YES;
				GENERATE_INFOPLIST_FILE = YES;
				INFOPLIST_KEY_UISupportedInterfaceOrientations = "UIInterfaceOrientationPortrait UIInterfaceOrientationPortraitUpsideDown";
				INFOPLIST_KEY_WKWatchOnly = YES;
				LD_RUNPATH_SEARCH_PATHS = (
					"$(inherited)",
					"@executable_path/Frameworks",
				);
				MARKETING_VERSION = 1.0;
				PRODUCT_BUNDLE_IDENTIFIER = "Raste.-or2.watchkitapp";
				PRODUCT_NAME = CoinFlip;
				SDKROOT = watchos;
				SKIP_INSTALL = YES;
				SWIFT_EMIT_LOC_STRINGS = YES;
				SWIFT_VERSION = 5.0;
				TARGETED_DEVICE_FAMILY = 4;
				VALIDATE_PRODUCT = YES;
				WATCHOS_DEPLOYMENT_TARGET = 8.7;
			};
			name = Release;
		};
		77A626872A011A6400ECB886 /* Debug */ = {
			isa = XCBuildConfiguration;
			buildSettings = {
				ALWAYS_EMBED_SWIFT_STANDARD_LIBRARIES = YES;
				CODE_SIGN_STYLE = Automatic;
				CURRENT_PROJECT_VERSION = 1;
				DEVELOPMENT_TEAM = SFNF84CHV2;
				INFOPLIST_KEY_CFBundleDisplayName = 1or2;
				MARKETING_VERSION = 1.0;
				PRODUCT_BUNDLE_IDENTIFIER = "Raste.-or2";
				PRODUCT_NAME = "$(TARGET_NAME)";
				SDKROOT = iphoneos;
				SWIFT_VERSION = 5.0;
			};
			name = Debug;
		};
		77A626882A011A6400ECB886 /* Release */ = {
			isa = XCBuildConfiguration;
			buildSettings = {
				ALWAYS_EMBED_SWIFT_STANDARD_LIBRARIES = YES;
				CODE_SIGN_STYLE = Automatic;
				CURRENT_PROJECT_VERSION = 1;
				DEVELOPMENT_TEAM = SFNF84CHV2;
				INFOPLIST_KEY_CFBundleDisplayName = 1or2;
				MARKETING_VERSION = 1.0;
				PRODUCT_BUNDLE_IDENTIFIER = "Raste.-or2";
				PRODUCT_NAME = "$(TARGET_NAME)";
				SDKROOT = iphoneos;
				SWIFT_VERSION = 5.0;
				VALIDATE_PRODUCT = YES;
			};
			name = Release;
		};
		77A6268A2A011A6400ECB886 /* Debug */ = {
			isa = XCBuildConfiguration;
			buildSettings = {
				ALWAYS_EMBED_SWIFT_STANDARD_LIBRARIES = YES;
				BUNDLE_LOADER = "$(TEST_HOST)";
				CODE_SIGN_STYLE = Automatic;
				CURRENT_PROJECT_VERSION = 1;
				DEVELOPMENT_TEAM = SFNF84CHV2;
				GENERATE_INFOPLIST_FILE = YES;
				MARKETING_VERSION = 1.0;
				PRODUCT_BUNDLE_IDENTIFIER = "Raste.-or2-Watch-AppTests";
				PRODUCT_NAME = "$(TARGET_NAME)";
				SDKROOT = watchos;
				SWIFT_EMIT_LOC_STRINGS = NO;
				SWIFT_VERSION = 5.0;
				TARGETED_DEVICE_FAMILY = 4;
				TEST_HOST = "$(BUILT_PRODUCTS_DIR)/1or2 Watch App.app/$(BUNDLE_EXECUTABLE_FOLDER_PATH)/1or2 Watch App";
				WATCHOS_DEPLOYMENT_TARGET = 8.7;
			};
			name = Debug;
		};
		77A6268B2A011A6400ECB886 /* Release */ = {
			isa = XCBuildConfiguration;
			buildSettings = {
				ALWAYS_EMBED_SWIFT_STANDARD_LIBRARIES = YES;
				BUNDLE_LOADER = "$(TEST_HOST)";
				CODE_SIGN_STYLE = Automatic;
				CURRENT_PROJECT_VERSION = 1;
				DEVELOPMENT_TEAM = SFNF84CHV2;
				GENERATE_INFOPLIST_FILE = YES;
				MARKETING_VERSION = 1.0;
				PRODUCT_BUNDLE_IDENTIFIER = "Raste.-or2-Watch-AppTests";
				PRODUCT_NAME = "$(TARGET_NAME)";
				SDKROOT = watchos;
				SWIFT_EMIT_LOC_STRINGS = NO;
				SWIFT_VERSION = 5.0;
				TARGETED_DEVICE_FAMILY = 4;
				TEST_HOST = "$(BUILT_PRODUCTS_DIR)/1or2 Watch App.app/$(BUNDLE_EXECUTABLE_FOLDER_PATH)/1or2 Watch App";
				VALIDATE_PRODUCT = YES;
				WATCHOS_DEPLOYMENT_TARGET = 8.7;
			};
			name = Release;
		};
		77A6268D2A011A6400ECB886 /* Debug */ = {
			isa = XCBuildConfiguration;
			buildSettings = {
				ALWAYS_EMBED_SWIFT_STANDARD_LIBRARIES = YES;
				CODE_SIGN_STYLE = Automatic;
				CURRENT_PROJECT_VERSION = 1;
				DEVELOPMENT_TEAM = SFNF84CHV2;
				GENERATE_INFOPLIST_FILE = YES;
				MARKETING_VERSION = 1.0;
				PRODUCT_BUNDLE_IDENTIFIER = "Raste.-or2-Watch-AppUITests";
				PRODUCT_NAME = "$(TARGET_NAME)";
				SDKROOT = watchos;
				SWIFT_EMIT_LOC_STRINGS = NO;
				SWIFT_VERSION = 5.0;
				TARGETED_DEVICE_FAMILY = 4;
				TEST_TARGET_NAME = "1or2 Watch App";
				WATCHOS_DEPLOYMENT_TARGET = 8.7;
			};
			name = Debug;
		};
		77A6268E2A011A6400ECB886 /* Release */ = {
			isa = XCBuildConfiguration;
			buildSettings = {
				ALWAYS_EMBED_SWIFT_STANDARD_LIBRARIES = YES;
				CODE_SIGN_STYLE = Automatic;
				CURRENT_PROJECT_VERSION = 1;
				DEVELOPMENT_TEAM = SFNF84CHV2;
				GENERATE_INFOPLIST_FILE = YES;
				MARKETING_VERSION = 1.0;
				PRODUCT_BUNDLE_IDENTIFIER = "Raste.-or2-Watch-AppUITests";
				PRODUCT_NAME = "$(TARGET_NAME)";
				SDKROOT = watchos;
				SWIFT_EMIT_LOC_STRINGS = NO;
				SWIFT_VERSION = 5.0;
				TARGETED_DEVICE_FAMILY = 4;
				TEST_TARGET_NAME = "1or2 Watch App";
				VALIDATE_PRODUCT = YES;
				WATCHOS_DEPLOYMENT_TARGET = 8.7;
			};
			name = Release;
		};
/* End XCBuildConfiguration section */

/* Begin XCConfigurationList section */
		77A626532A011A6300ECB886 /* Build configuration list for PBXProject "1or2" */ = {
			isa = XCConfigurationList;
			buildConfigurations = (
				77A626802A011A6400ECB886 /* Debug */,
				77A626812A011A6400ECB886 /* Release */,
			);
			defaultConfigurationIsVisible = 0;
			defaultConfigurationName = Release;
		};
		77A626822A011A6400ECB886 /* Build configuration list for PBXNativeTarget "1or2 Watch App" */ = {
			isa = XCConfigurationList;
			buildConfigurations = (
				77A626832A011A6400ECB886 /* Debug */,
				77A626842A011A6400ECB886 /* Release */,
			);
			defaultConfigurationIsVisible = 0;
			defaultConfigurationName = Release;
		};
		77A626862A011A6400ECB886 /* Build configuration list for PBXNativeTarget "1or2" */ = {
			isa = XCConfigurationList;
			buildConfigurations = (
				77A626872A011A6400ECB886 /* Debug */,
				77A626882A011A6400ECB886 /* Release */,
			);
			defaultConfigurationIsVisible = 0;
			defaultConfigurationName = Release;
		};
		77A626892A011A6400ECB886 /* Build configuration list for PBXNativeTarget "1or2 Watch AppTests" */ = {
			isa = XCConfigurationList;
			buildConfigurations = (
				77A6268A2A011A6400ECB886 /* Debug */,
				77A6268B2A011A6400ECB886 /* Release */,
			);
			defaultConfigurationIsVisible = 0;
			defaultConfigurationName = Release;
		};
		77A6268C2A011A6400ECB886 /* Build configuration list for PBXNativeTarget "1or2 Watch AppUITests" */ = {
			isa = XCConfigurationList;
			buildConfigurations = (
				77A6268D2A011A6400ECB886 /* Debug */,
				77A6268E2A011A6400ECB886 /* Release */,
			);
			defaultConfigurationIsVisible = 0;
			defaultConfigurationName = Release;
		};
/* End XCConfigurationList section */
	};
	rootObject = 77A626502A011A6300ECB886 /* Project object */;
}
